
Microsoft Visual Studio Solution File, Format Version 12.00
# Visual Studio 15
Project("{FAE04EC0-301F-11D3-BF4B-00C04F79EFBC}") = "Assembly-CSharp", "Assembly-CSharp.csproj", "{C5471878-223E-A5C1-D106-2AA61069D024}"
EndProject
Project("{FAE04EC0-301F-11D3-BF4B-00C04F79EFBC}") = "Assembly-CSharp-firstpass", "Assembly-CSharp-firstpass.csproj", "{9A0D4E4A-0CDA-C193-F434-18051961E1A2}"
EndProject
Project("{FAE04EC0-301F-11D3-BF4B-00C04F79EFBC}") = "Assembly-CSharp-Editor", "Assembly-CSharp-Editor.csproj", "{871A609B-84EA-BCFE-44A5-549A7335F404}"
EndProject
Global
	GlobalSection(SolutionConfigurationPlatforms) = preSolution
		Debug|Any CPU = Debug|Any CPU
		Release|Any CPU = Release|Any CPU
	EndGlobalSection
	GlobalSection(ProjectConfigurationPlatforms) = postSolution
		{C5471878-223E-A5C1-D106-2AA61069D024}.Debug|Any CPU.ActiveCfg = Debug|Any CPU
		{C5471878-223E-A5C1-D106-2AA61069D024}.Debug|Any CPU.Build.0 = Debug|Any CPU
		{C5471878-223E-A5C1-D106-2AA61069D024}.Release|Any CPU.ActiveCfg = Release|Any CPU
		{C5471878-223E-A5C1-D106-2AA61069D024}.Release|Any CPU.Build.0 = Release|Any CPU
		{9A0D4E4A-0CDA-C193-F434-18051961E1A2}.Debug|Any CPU.ActiveCfg = Debug|Any CPU
		{9A0D4E4A-0CDA-C193-F434-18051961E1A2}.Debug|Any CPU.Build.0 = Debug|Any CPU
		{9A0D4E4A-0CDA-C193-F434-18051961E1A2}.Release|Any CPU.ActiveCfg = Release|Any CPU
		{9A0D4E4A-0CDA-C193-F434-18051961E1A2}.Release|Any CPU.Build.0 = Release|Any CPU
		{871A609B-84EA-BCFE-44A5-549A7335F404}.Debug|Any CPU.ActiveCfg = Debug|Any CPU
		{871A609B-84EA-BCFE-44A5-549A7335F404}.Debug|Any CPU.Build.0 = Debug|Any CPU
		{871A609B-84EA-BCFE-44A5-549A7335F404}.Release|Any CPU.ActiveCfg = Release|Any CPU
		{871A609B-84EA-BCFE-44A5-549A7335F404}.Release|Any CPU.Build.0 = Release|Any CPU
	EndGlobalSection
	GlobalSection(SolutionProperties) = preSolution
		HideSolutionNode = FALSE
	EndGlobalSection
EndGlobal
